
Microsoft Visual Studio Solution File, Format Version 12.00
# Visual Studio 15
VisualStudioVersion = 15.0.27703.2047
MinimumVisualStudioVersion = 10.0.40219.1
Project("{FAE04EC0-301F-11D3-BF4B-00C04F79EFBC}") = "Who.Web", "Who.Web\Who.Web.csproj", "{5FE5EA74-2CDB-4545-8031-3C5CD1F4E8D5}"
EndProject
Project("{FAE04EC0-301F-11D3-BF4B-00C04F79EFBC}") = "Who.Web.Test", "Who.Web.Test\Who.Web.Test.csproj", "{FE3BDD9F-C000-4C3C-936E-32A54DF3C377}"
EndProject
Project("{FAE04EC0-301F-11D3-BF4B-00C04F79EFBC}") = "Who.BL.Test", "Who.BL.Test\Who.BL.Test.csproj", "{1AE5B653-DFB1-44D4-8D3B-13C00568E0E9}"
EndProject
Project("{2150E333-8FDC-42A3-9474-1A3956D46DE8}") = "tests", "tests", "{A6735CED-6323-4BD0-952E-A54E8EF5E497}"
EndProject
Project("{FAE04EC0-301F-11D3-BF4B-00C04F79EFBC}") = "Who.DAL", "Who.DAL\Who.DAL.csproj", "{A22DF78C-A29B-4533-A52B-3C0B3630AA67}"
EndProject
Project("{FAE04EC0-301F-11D3-BF4B-00C04F79EFBC}") = "Who.BL", "Who.BL2\Who.BL.csproj", "{4D58529A-5E2D-4D7C-A168-195E8ABD952D}"
EndProject
Project("{FAE04EC0-301F-11D3-BF4B-00C04F79EFBC}") = "Who.BL.Domain", "Who.BL.Domain\Who.BL.Domain.csproj", "{133EBCE8-5378-4D1B-8B13-9BD8485AD099}"
EndProject
Project("{FAE04EC0-301F-11D3-BF4B-00C04F79EFBC}") = "Who.Data", "Who.Data\Who.Data.csproj", "{B6665C68-2551-429C-9C2D-3E3D0BC7AADF}"
EndProject
Project("{FAE04EC0-301F-11D3-BF4B-00C04F79EFBC}") = "Who.BL.Factory", "Who.BL.Factory\Who.BL.Factory.csproj", "{73512EB4-991A-4A21-9EE3-1371351A3495}"
EndProject
Project("{FAE04EC0-301F-11D3-BF4B-00C04F79EFBC}") = "Who.DAL.Setup", "Who.DAL.Setup\Who.DAL.Setup.csproj", "{B844BA5A-AECF-424E-B5A5-8951394CFBD1}"
EndProject
Global
	GlobalSection(SolutionConfigurationPlatforms) = preSolution
		Debug|Any CPU = Debug|Any CPU
		Release|Any CPU = Release|Any CPU
	EndGlobalSection
	GlobalSection(ProjectConfigurationPlatforms) = postSolution
		{5FE5EA74-2CDB-4545-8031-3C5CD1F4E8D5}.Debug|Any CPU.ActiveCfg = Debug|Any CPU
		{5FE5EA74-2CDB-4545-8031-3C5CD1F4E8D5}.Debug|Any CPU.Build.0 = Debug|Any CPU
		{5FE5EA74-2CDB-4545-8031-3C5CD1F4E8D5}.Release|Any CPU.ActiveCfg = Release|Any CPU
		{5FE5EA74-2CDB-4545-8031-3C5CD1F4E8D5}.Release|Any CPU.Build.0 = Release|Any CPU
		{FE3BDD9F-C000-4C3C-936E-32A54DF3C377}.Debug|Any CPU.ActiveCfg = Debug|Any CPU
		{FE3BDD9F-C000-4C3C-936E-32A54DF3C377}.Debug|Any CPU.Build.0 = Debug|Any CPU
		{FE3BDD9F-C000-4C3C-936E-32A54DF3C377}.Release|Any CPU.ActiveCfg = Release|Any CPU
		{FE3BDD9F-C000-4C3C-936E-32A54DF3C377}.Release|Any CPU.Build.0 = Release|Any CPU
		{1AE5B653-DFB1-44D4-8D3B-13C00568E0E9}.Debug|Any CPU.ActiveCfg = Debug|Any CPU
		{1AE5B653-DFB1-44D4-8D3B-13C00568E0E9}.Debug|Any CPU.Build.0 = Debug|Any CPU
		{1AE5B653-DFB1-44D4-8D3B-13C00568E0E9}.Release|Any CPU.ActiveCfg = Release|Any CPU
		{1AE5B653-DFB1-44D4-8D3B-13C00568E0E9}.Release|Any CPU.Build.0 = Release|Any CPU
		{A22DF78C-A29B-4533-A52B-3C0B3630AA67}.Debug|Any CPU.ActiveCfg = Debug|Any CPU
		{A22DF78C-A29B-4533-A52B-3C0B3630AA67}.Debug|Any CPU.Build.0 = Debug|Any CPU
		{A22DF78C-A29B-4533-A52B-3C0B3630AA67}.Release|Any CPU.ActiveCfg = Release|Any CPU
		{A22DF78C-A29B-4533-A52B-3C0B3630AA67}.Release|Any CPU.Build.0 = Release|Any CPU
		{4D58529A-5E2D-4D7C-A168-195E8ABD952D}.Debug|Any CPU.ActiveCfg = Debug|Any CPU
		{4D58529A-5E2D-4D7C-A168-195E8ABD952D}.Debug|Any CPU.Build.0 = Debug|Any CPU
		{4D58529A-5E2D-4D7C-A168-195E8ABD952D}.Release|Any CPU.ActiveCfg = Release|Any CPU
		{4D58529A-5E2D-4D7C-A168-195E8ABD952D}.Release|Any CPU.Build.0 = Release|Any CPU
		{133EBCE8-5378-4D1B-8B13-9BD8485AD099}.Debug|Any CPU.ActiveCfg = Debug|Any CPU
		{133EBCE8-5378-4D1B-8B13-9BD8485AD099}.Debug|Any CPU.Build.0 = Debug|Any CPU
		{133EBCE8-5378-4D1B-8B13-9BD8485AD099}.Release|Any CPU.ActiveCfg = Release|Any CPU
		{133EBCE8-5378-4D1B-8B13-9BD8485AD099}.Release|Any CPU.Build.0 = Release|Any CPU
		{B6665C68-2551-429C-9C2D-3E3D0BC7AADF}.Debug|Any CPU.ActiveCfg = Debug|Any CPU
		{B6665C68-2551-429C-9C2D-3E3D0BC7AADF}.Debug|Any CPU.Build.0 = Debug|Any CPU
		{B6665C68-2551-429C-9C2D-3E3D0BC7AADF}.Release|Any CPU.ActiveCfg = Release|Any CPU
		{B6665C68-2551-429C-9C2D-3E3D0BC7AADF}.Release|Any CPU.Build.0 = Release|Any CPU
		{73512EB4-991A-4A21-9EE3-1371351A3495}.Debug|Any CPU.ActiveCfg = Debug|Any CPU
		{73512EB4-991A-4A21-9EE3-1371351A3495}.Debug|Any CPU.Build.0 = Debug|Any CPU
		{73512EB4-991A-4A21-9EE3-1371351A3495}.Release|Any CPU.ActiveCfg = Release|Any CPU
		{73512EB4-991A-4A21-9EE3-1371351A3495}.Release|Any CPU.Build.0 = Release|Any CPU
		{B844BA5A-AECF-424E-B5A5-8951394CFBD1}.Debug|Any CPU.ActiveCfg = Debug|Any CPU
		{B844BA5A-AECF-424E-B5A5-8951394CFBD1}.Debug|Any CPU.Build.0 = Debug|Any CPU
		{B844BA5A-AECF-424E-B5A5-8951394CFBD1}.Release|Any CPU.ActiveCfg = Release|Any CPU
		{B844BA5A-AECF-424E-B5A5-8951394CFBD1}.Release|Any CPU.Build.0 = Release|Any CPU
	EndGlobalSection
	GlobalSection(SolutionProperties) = preSolution
		HideSolutionNode = FALSE
	EndGlobalSection
	GlobalSection(NestedProjects) = preSolution
		{FE3BDD9F-C000-4C3C-936E-32A54DF3C377} = {A6735CED-6323-4BD0-952E-A54E8EF5E497}
		{1AE5B653-DFB1-44D4-8D3B-13C00568E0E9} = {A6735CED-6323-4BD0-952E-A54E8EF5E497}
	EndGlobalSection
	GlobalSection(ExtensibilityGlobals) = postSolution
		SolutionGuid = {29AA04E2-BAFC-4EE5-AE70-73887B604CD1}
	EndGlobalSection
EndGlobal
